// !$*UTF8*$!
{
	archiveVersion = 1;
	classes = {
	};
	objectVersion = 51;
	objects = {

/* Begin PBXBuildFile section */
		46BE9604AE8681436730F403 /* Pods_DARDESH.framework in Frameworks */ = {isa = PBXBuildFile; fileRef = 7C8EC82B344B9B064EF34301 /* Pods_DARDESH.framework */; };
		D31432BA2698FCC5006F3FE2 /* UserDefaultsMethods.swift in Sources */ = {isa = PBXBuildFile; fileRef = D31432B92698FCC5006F3FE2 /* UserDefaultsMethods.swift */; };
		D3242995268D13ED00EF0B6E /* UserModel.swift in Sources */ = {isa = PBXBuildFile; fileRef = D3242994268D13ED00EF0B6E /* UserModel.swift */; };
		D34EF74B268DBAFB0061FB98 /* HomeView.storyboard in Resources */ = {isa = PBXBuildFile; fileRef = D34EF74A268DBAFB0061FB98 /* HomeView.storyboard */; };
		D34EF74E268DBC6A0061FB98 /* ChatsViewController.swift in Sources */ = {isa = PBXBuildFile; fileRef = D34EF74D268DBC6A0061FB98 /* ChatsViewController.swift */; };
		D34EF750268DBC8F0061FB98 /* ChatsViewModel.swift in Sources */ = {isa = PBXBuildFile; fileRef = D34EF74F268DBC8F0061FB98 /* ChatsViewModel.swift */; };
		D34EF753268DBD050061FB98 /* SettingsViewController.swift in Sources */ = {isa = PBXBuildFile; fileRef = D34EF752268DBD050061FB98 /* SettingsViewController.swift */; };
		D34EF755268DBD200061FB98 /* SettingsViewModel.swift in Sources */ = {isa = PBXBuildFile; fileRef = D34EF754268DBD200061FB98 /* SettingsViewModel.swift */; };
		D34EF757268DC0540061FB98 /* ExtensionloginViewController.swift in Sources */ = {isa = PBXBuildFile; fileRef = D34EF756268DC0540061FB98 /* ExtensionloginViewController.swift */; };
		D34EF759268DC32F0061FB98 /* ExtensionRegesterViewController.swift in Sources */ = {isa = PBXBuildFile; fileRef = D34EF758268DC32F0061FB98 /* ExtensionRegesterViewController.swift */; };
		D376BE24268BD37E00EBEA0A /* AppDelegate.swift in Sources */ = {isa = PBXBuildFile; fileRef = D376BE23268BD37E00EBEA0A /* AppDelegate.swift */; };
		D376BE28268BD37E00EBEA0A /* RegsterViewController.swift in Sources */ = {isa = PBXBuildFile; fileRef = D376BE27268BD37E00EBEA0A /* RegsterViewController.swift */; };
		D376BE2B268BD37E00EBEA0A /* LoginMain.storyboard in Resources */ = {isa = PBXBuildFile; fileRef = D376BE29268BD37E00EBEA0A /* LoginMain.storyboard */; };
		D376BE2D268BD37E00EBEA0A /* Assets.xcassets in Resources */ = {isa = PBXBuildFile; fileRef = D376BE2C268BD37E00EBEA0A /* Assets.xcassets */; };
		D376BE30268BD37E00EBEA0A /* LaunchScreen.storyboard in Resources */ = {isa = PBXBuildFile; fileRef = D376BE2E268BD37E00EBEA0A /* LaunchScreen.storyboard */; };
		D376BE3E268BD57800EBEA0A /* GoogleService-Info.plist in Resources */ = {isa = PBXBuildFile; fileRef = D376BE3D268BD57800EBEA0A /* GoogleService-Info.plist */; };
		D376BE41268BD70000EBEA0A /* FirebaseLayer.swift in Sources */ = {isa = PBXBuildFile; fileRef = D376BE40268BD70000EBEA0A /* FirebaseLayer.swift */; };
		D376BE43268BD84400EBEA0A /* BaseURL.swift in Sources */ = {isa = PBXBuildFile; fileRef = D376BE42268BD84400EBEA0A /* BaseURL.swift */; };
		D376BE64268C2B6600EBEA0A /* LoginViewController.swift in Sources */ = {isa = PBXBuildFile; fileRef = D376BE63268C2B6600EBEA0A /* LoginViewController.swift */; };
		D376BE67268C337A00EBEA0A /* UIViewController.swift in Sources */ = {isa = PBXBuildFile; fileRef = D376BE66268C337A00EBEA0A /* UIViewController.swift */; };
		D376BE6A268C34E300EBEA0A /* LoginViewModel.swift in Sources */ = {isa = PBXBuildFile; fileRef = D376BE69268C34E300EBEA0A /* LoginViewModel.swift */; };
		D376BE6D268C350D00EBEA0A /* RegesterViewModel.swift in Sources */ = {isa = PBXBuildFile; fileRef = D376BE6C268C350D00EBEA0A /* RegesterViewModel.swift */; };
		D37A0BF32692D000003EC335 /* ExtensionEditProfileViewController.swift in Sources */ = {isa = PBXBuildFile; fileRef = D37A0BF22692D000003EC335 /* ExtensionEditProfileViewController.swift */; };
		D3A33B522691A4F000FAFD3D /* UIImageView.swift in Sources */ = {isa = PBXBuildFile; fileRef = D3A33B512691A4F000FAFD3D /* UIImageView.swift */; };
		D3A909BA269056D10070FCA5 /* Localizable.strings in Resources */ = {isa = PBXBuildFile; fileRef = D3A909BC269056D10070FCA5 /* Localizable.strings */; };
		D3A909BF269057C50070FCA5 /* String.swift in Sources */ = {isa = PBXBuildFile; fileRef = D3A909BE269057C50070FCA5 /* String.swift */; };
		D3C0E6792692B35A00B50CE2 /* EditProfileViewModel.swift in Sources */ = {isa = PBXBuildFile; fileRef = D3C0E6782692B35A00B50CE2 /* EditProfileViewModel.swift */; };
		D3C0E67B2692B3C900B50CE2 /* EditProfileViewController.swift in Sources */ = {isa = PBXBuildFile; fileRef = D3C0E67A2692B3C900B50CE2 /* EditProfileViewController.swift */; };
		D3C1B07426958F51002CBD94 /* StatusTableViewController.swift in Sources */ = {isa = PBXBuildFile; fileRef = D3C1B07326958F51002CBD94 /* StatusTableViewController.swift */; };
		D3C1B07626958F65002CBD94 /* StatusViewModel.swift in Sources */ = {isa = PBXBuildFile; fileRef = D3C1B07526958F65002CBD94 /* StatusViewModel.swift */; };
		D3C1B07A269595E7002CBD94 /* StatusCell.swift in Sources */ = {isa = PBXBuildFile; fileRef = D3C1B078269595E7002CBD94 /* StatusCell.swift */; };
		D3C1B07B269595E7002CBD94 /* StatusCell.xib in Resources */ = {isa = PBXBuildFile; fileRef = D3C1B079269595E7002CBD94 /* StatusCell.xib */; };
		D3C1B07D2695975B002CBD94 /* StatusModel.swift in Sources */ = {isa = PBXBuildFile; fileRef = D3C1B07C2695975B002CBD94 /* StatusModel.swift */; };
		D3CFDCC2269A4AB4005E25E4 /* UsersViewModel.swift in Sources */ = {isa = PBXBuildFile; fileRef = D3CFDCC1269A4AB4005E25E4 /* UsersViewModel.swift */; };
		D3CFDCC4269A4B36005E25E4 /* UsersViewController.swift in Sources */ = {isa = PBXBuildFile; fileRef = D3CFDCC3269A4B36005E25E4 /* UsersViewController.swift */; };
		D3CFDCC8269A4B7D005E25E4 /* UsersCell.swift in Sources */ = {isa = PBXBuildFile; fileRef = D3CFDCC6269A4B7D005E25E4 /* UsersCell.swift */; };
		D3CFDCC9269A4B7D005E25E4 /* UsersCell.xib in Resources */ = {isa = PBXBuildFile; fileRef = D3CFDCC7269A4B7D005E25E4 /* UsersCell.xib */; };
		D3CFDCCC269A5E91005E25E4 /* ProfileUserTableViewController.swift in Sources */ = {isa = PBXBuildFile; fileRef = D3CFDCCB269A5E91005E25E4 /* ProfileUserTableViewController.swift */; };
		D3CFDCCE269A5EA5005E25E4 /* ProfileUserViewModel.swift in Sources */ = {isa = PBXBuildFile; fileRef = D3CFDCCD269A5EA5005E25E4 /* ProfileUserViewModel.swift */; };
		D3CFDCD1269A5EEB005E25E4 /* ExtensionProfileUserTableView.swift in Sources */ = {isa = PBXBuildFile; fileRef = D3CFDCD0269A5EEB005E25E4 /* ExtensionProfileUserTableView.swift */; };
/* End PBXBuildFile section */

/* Begin PBXFileReference section */
		7C8EC82B344B9B064EF34301 /* Pods_DARDESH.framework */ = {isa = PBXFileReference; explicitFileType = wrapper.framework; includeInIndex = 0; path = Pods_DARDESH.framework; sourceTree = BUILT_PRODUCTS_DIR; };
		D31432B92698FCC5006F3FE2 /* UserDefaultsMethods.swift */ = {isa = PBXFileReference; lastKnownFileType = sourcecode.swift; path = UserDefaultsMethods.swift; sourceTree = "<group>"; };
		D3242994268D13ED00EF0B6E /* UserModel.swift */ = {isa = PBXFileReference; lastKnownFileType = sourcecode.swift; path = UserModel.swift; sourceTree = "<group>"; };
		D34EF74A268DBAFB0061FB98 /* HomeView.storyboard */ = {isa = PBXFileReference; lastKnownFileType = file.storyboard; path = HomeView.storyboard; sourceTree = "<group>"; };
		D34EF74D268DBC6A0061FB98 /* ChatsViewController.swift */ = {isa = PBXFileReference; lastKnownFileType = sourcecode.swift; path = ChatsViewController.swift; sourceTree = "<group>"; };
		D34EF74F268DBC8F0061FB98 /* ChatsViewModel.swift */ = {isa = PBXFileReference; lastKnownFileType = sourcecode.swift; path = ChatsViewModel.swift; sourceTree = "<group>"; };
		D34EF752268DBD050061FB98 /* SettingsViewController.swift */ = {isa = PBXFileReference; lastKnownFileType = sourcecode.swift; path = SettingsViewController.swift; sourceTree = "<group>"; };
		D34EF754268DBD200061FB98 /* SettingsViewModel.swift */ = {isa = PBXFileReference; lastKnownFileType = sourcecode.swift; path = SettingsViewModel.swift; sourceTree = "<group>"; };
		D34EF756268DC0540061FB98 /* ExtensionloginViewController.swift */ = {isa = PBXFileReference; lastKnownFileType = sourcecode.swift; path = ExtensionloginViewController.swift; sourceTree = "<group>"; };
		D34EF758268DC32F0061FB98 /* ExtensionRegesterViewController.swift */ = {isa = PBXFileReference; lastKnownFileType = sourcecode.swift; path = ExtensionRegesterViewController.swift; sourceTree = "<group>"; };
		D376BE20268BD37E00EBEA0A /* DARDESH.app */ = {isa = PBXFileReference; explicitFileType = wrapper.application; includeInIndex = 0; path = DARDESH.app; sourceTree = BUILT_PRODUCTS_DIR; };
		D376BE23268BD37E00EBEA0A /* AppDelegate.swift */ = {isa = PBXFileReference; lastKnownFileType = sourcecode.swift; path = AppDelegate.swift; sourceTree = "<group>"; };
		D376BE27268BD37E00EBEA0A /* RegsterViewController.swift */ = {isa = PBXFileReference; lastKnownFileType = sourcecode.swift; path = RegsterViewController.swift; sourceTree = "<group>"; };
		D376BE2A268BD37E00EBEA0A /* Base */ = {isa = PBXFileReference; lastKnownFileType = file.storyboard; name = Base; path = Base.lproj/LoginMain.storyboard; sourceTree = "<group>"; };
		D376BE2C268BD37E00EBEA0A /* Assets.xcassets */ = {isa = PBXFileReference; lastKnownFileType = folder.assetcatalog; path = Assets.xcassets; sourceTree = "<group>"; };
		D376BE2F268BD37E00EBEA0A /* Base */ = {isa = PBXFileReference; lastKnownFileType = file.storyboard; name = Base; path = Base.lproj/LaunchScreen.storyboard; sourceTree = "<group>"; };
		D376BE31268BD37E00EBEA0A /* Info.plist */ = {isa = PBXFileReference; lastKnownFileType = text.plist.xml; path = Info.plist; sourceTree = "<group>"; };
		D376BE3D268BD57800EBEA0A /* GoogleService-Info.plist */ = {isa = PBXFileReference; fileEncoding = 4; lastKnownFileType = text.plist.xml; path = "GoogleService-Info.plist"; sourceTree = "<group>"; };
		D376BE40268BD70000EBEA0A /* FirebaseLayer.swift */ = {isa = PBXFileReference; lastKnownFileType = sourcecode.swift; path = FirebaseLayer.swift; sourceTree = "<group>"; };
		D376BE42268BD84400EBEA0A /* BaseURL.swift */ = {isa = PBXFileReference; lastKnownFileType = sourcecode.swift; path = BaseURL.swift; sourceTree = "<group>"; };
		D376BE48268C23FA00EBEA0A /* NotoSansJP-Medium.otf */ = {isa = PBXFileReference; lastKnownFileType = file; path = "NotoSansJP-Medium.otf"; sourceTree = "<group>"; };
		D376BE49268C23FB00EBEA0A /* NotoSansJP-Regular.otf */ = {isa = PBXFileReference; lastKnownFileType = file; path = "NotoSansJP-Regular.otf"; sourceTree = "<group>"; };
		D376BE4A268C23FB00EBEA0A /* NotoSansJP-Black.otf */ = {isa = PBXFileReference; lastKnownFileType = file; path = "NotoSansJP-Black.otf"; sourceTree = "<group>"; };
		D376BE4B268C23FB00EBEA0A /* NotoSansJP-Thin.otf */ = {isa = PBXFileReference; lastKnownFileType = file; path = "NotoSansJP-Thin.otf"; sourceTree = "<group>"; };
		D376BE4C268C23FB00EBEA0A /* NotoSansJP-Bold.otf */ = {isa = PBXFileReference; lastKnownFileType = file; path = "NotoSansJP-Bold.otf"; sourceTree = "<group>"; };
		D376BE4D268C23FB00EBEA0A /* NotoSansJP-Light.otf */ = {isa = PBXFileReference; lastKnownFileType = file; path = "NotoSansJP-Light.otf"; sourceTree = "<group>"; };
		D376BE4F268C24C000EBEA0A /* Nunito-SemiBoldItalic.ttf */ = {isa = PBXFileReference; lastKnownFileType = file; path = "Nunito-SemiBoldItalic.ttf"; sourceTree = "<group>"; };
		D376BE50268C24C000EBEA0A /* Nunito-SemiBold.ttf */ = {isa = PBXFileReference; lastKnownFileType = file; path = "Nunito-SemiBold.ttf"; sourceTree = "<group>"; };
		D376BE51268C24C000EBEA0A /* Nunito-Black.ttf */ = {isa = PBXFileReference; lastKnownFileType = file; path = "Nunito-Black.ttf"; sourceTree = "<group>"; };
		D376BE52268C24C000EBEA0A /* Nunito-BlackItalic.ttf */ = {isa = PBXFileReference; lastKnownFileType = file; path = "Nunito-BlackItalic.ttf"; sourceTree = "<group>"; };
		D376BE53268C24C000EBEA0A /* Nunito-ExtraLightItalic.ttf */ = {isa = PBXFileReference; lastKnownFileType = file; path = "Nunito-ExtraLightItalic.ttf"; sourceTree = "<group>"; };
		D376BE54268C24C000EBEA0A /* Nunito-ExtraLight.ttf */ = {isa = PBXFileReference; lastKnownFileType = file; path = "Nunito-ExtraLight.ttf"; sourceTree = "<group>"; };
		D376BE55268C24C000EBEA0A /* Nunito-Italic.ttf */ = {isa = PBXFileReference; lastKnownFileType = file; path = "Nunito-Italic.ttf"; sourceTree = "<group>"; };
		D376BE56268C24C000EBEA0A /* Nunito-Regular.ttf */ = {isa = PBXFileReference; lastKnownFileType = file; path = "Nunito-Regular.ttf"; sourceTree = "<group>"; };
		D376BE57268C24C000EBEA0A /* Nunito-Bold.ttf */ = {isa = PBXFileReference; lastKnownFileType = file; path = "Nunito-Bold.ttf"; sourceTree = "<group>"; };
		D376BE58268C24C000EBEA0A /* Nunito-Light.ttf */ = {isa = PBXFileReference; lastKnownFileType = file; path = "Nunito-Light.ttf"; sourceTree = "<group>"; };
		D376BE59268C24C000EBEA0A /* Nunito-BoldItalic.ttf */ = {isa = PBXFileReference; lastKnownFileType = file; path = "Nunito-BoldItalic.ttf"; sourceTree = "<group>"; };
		D376BE5A268C24C000EBEA0A /* Nunito-ExtraBold.ttf */ = {isa = PBXFileReference; lastKnownFileType = file; path = "Nunito-ExtraBold.ttf"; sourceTree = "<group>"; };
		D376BE5B268C24C000EBEA0A /* Nunito-ExtraBoldItalic.ttf */ = {isa = PBXFileReference; lastKnownFileType = file; path = "Nunito-ExtraBoldItalic.ttf"; sourceTree = "<group>"; };
		D376BE5C268C24C000EBEA0A /* Nunito-LightItalic.ttf */ = {isa = PBXFileReference; lastKnownFileType = file; path = "Nunito-LightItalic.ttf"; sourceTree = "<group>"; };
		D376BE5E268C262F00EBEA0A /* Signika-Bold.ttf */ = {isa = PBXFileReference; lastKnownFileType = file; path = "Signika-Bold.ttf"; sourceTree = "<group>"; };
		D376BE5F268C262F00EBEA0A /* Signika-Regular.ttf */ = {isa = PBXFileReference; lastKnownFileType = file; path = "Signika-Regular.ttf"; sourceTree = "<group>"; };
		D376BE60268C262F00EBEA0A /* Signika-Medium.ttf */ = {isa = PBXFileReference; lastKnownFileType = file; path = "Signika-Medium.ttf"; sourceTree = "<group>"; };
		D376BE61268C262F00EBEA0A /* Signika-Light.ttf */ = {isa = PBXFileReference; lastKnownFileType = file; path = "Signika-Light.ttf"; sourceTree = "<group>"; };
		D376BE62268C262F00EBEA0A /* Signika-SemiBold.ttf */ = {isa = PBXFileReference; lastKnownFileType = file; path = "Signika-SemiBold.ttf"; sourceTree = "<group>"; };
		D376BE63268C2B6600EBEA0A /* LoginViewController.swift */ = {isa = PBXFileReference; lastKnownFileType = sourcecode.swift; path = LoginViewController.swift; sourceTree = "<group>"; };
		D376BE66268C337A00EBEA0A /* UIViewController.swift */ = {isa = PBXFileReference; lastKnownFileType = sourcecode.swift; path = UIViewController.swift; sourceTree = "<group>"; };
		D376BE69268C34E300EBEA0A /* LoginViewModel.swift */ = {isa = PBXFileReference; lastKnownFileType = sourcecode.swift; path = LoginViewModel.swift; sourceTree = "<group>"; };
		D376BE6C268C350D00EBEA0A /* RegesterViewModel.swift */ = {isa = PBXFileReference; lastKnownFileType = sourcecode.swift; path = RegesterViewModel.swift; sourceTree = "<group>"; };
		D37A0BF22692D000003EC335 /* ExtensionEditProfileViewController.swift */ = {isa = PBXFileReference; lastKnownFileType = sourcecode.swift; path = ExtensionEditProfileViewController.swift; sourceTree = "<group>"; };
		D3A33B512691A4F000FAFD3D /* UIImageView.swift */ = {isa = PBXFileReference; lastKnownFileType = sourcecode.swift; path = UIImageView.swift; sourceTree = "<group>"; };
		D3A909B526904EDE0070FCA5 /* ar */ = {isa = PBXFileReference; lastKnownFileType = text.plist.strings; name = ar; path = ar.lproj/LaunchScreen.strings; sourceTree = "<group>"; };
		D3A909B626904EDF0070FCA5 /* ar */ = {isa = PBXFileReference; lastKnownFileType = text.plist.strings; name = ar; path = ar.lproj/LoginMain.strings; sourceTree = "<group>"; };
		D3A909BB269056D10070FCA5 /* en */ = {isa = PBXFileReference; lastKnownFileType = text.plist.strings; name = en; path = en.lproj/Localizable.strings; sourceTree = "<group>"; };
		D3A909BD269056D70070FCA5 /* ar */ = {isa = PBXFileReference; lastKnownFileType = text.plist.strings; name = ar; path = ar.lproj/Localizable.strings; sourceTree = "<group>"; };
		D3A909BE269057C50070FCA5 /* String.swift */ = {isa = PBXFileReference; lastKnownFileType = sourcecode.swift; path = String.swift; sourceTree = "<group>"; };
		D3C0E6782692B35A00B50CE2 /* EditProfileViewModel.swift */ = {isa = PBXFileReference; lastKnownFileType = sourcecode.swift; path = EditProfileViewModel.swift; sourceTree = "<group>"; };
		D3C0E67A2692B3C900B50CE2 /* EditProfileViewController.swift */ = {isa = PBXFileReference; lastKnownFileType = sourcecode.swift; path = EditProfileViewController.swift; sourceTree = "<group>"; };
		D3C1B07326958F51002CBD94 /* StatusTableViewController.swift */ = {isa = PBXFileReference; lastKnownFileType = sourcecode.swift; path = StatusTableViewController.swift; sourceTree = "<group>"; };
		D3C1B07526958F65002CBD94 /* StatusViewModel.swift */ = {isa = PBXFileReference; lastKnownFileType = sourcecode.swift; path = StatusViewModel.swift; sourceTree = "<group>"; };
		D3C1B078269595E7002CBD94 /* StatusCell.swift */ = {isa = PBXFileReference; lastKnownFileType = sourcecode.swift; path = StatusCell.swift; sourceTree = "<group>"; };
		D3C1B079269595E7002CBD94 /* StatusCell.xib */ = {isa = PBXFileReference; lastKnownFileType = file.xib; path = StatusCell.xib; sourceTree = "<group>"; };
		D3C1B07C2695975B002CBD94 /* StatusModel.swift */ = {isa = PBXFileReference; lastKnownFileType = sourcecode.swift; path = StatusModel.swift; sourceTree = "<group>"; };
		D3CFDCC1269A4AB4005E25E4 /* UsersViewModel.swift */ = {isa = PBXFileReference; lastKnownFileType = sourcecode.swift; path = UsersViewModel.swift; sourceTree = "<group>"; };
		D3CFDCC3269A4B36005E25E4 /* UsersViewController.swift */ = {isa = PBXFileReference; lastKnownFileType = sourcecode.swift; path = UsersViewController.swift; sourceTree = "<group>"; };
		D3CFDCC6269A4B7D005E25E4 /* UsersCell.swift */ = {isa = PBXFileReference; lastKnownFileType = sourcecode.swift; path = UsersCell.swift; sourceTree = "<group>"; };
		D3CFDCC7269A4B7D005E25E4 /* UsersCell.xib */ = {isa = PBXFileReference; lastKnownFileType = file.xib; path = UsersCell.xib; sourceTree = "<group>"; };
		D3CFDCCB269A5E91005E25E4 /* ProfileUserTableViewController.swift */ = {isa = PBXFileReference; lastKnownFileType = sourcecode.swift; path = ProfileUserTableViewController.swift; sourceTree = "<group>"; };
		D3CFDCCD269A5EA5005E25E4 /* ProfileUserViewModel.swift */ = {isa = PBXFileReference; lastKnownFileType = sourcecode.swift; path = ProfileUserViewModel.swift; sourceTree = "<group>"; };
		D3CFDCD0269A5EEB005E25E4 /* ExtensionProfileUserTableView.swift */ = {isa = PBXFileReference; lastKnownFileType = sourcecode.swift; path = ExtensionProfileUserTableView.swift; sourceTree = "<group>"; };
		EBCE84209F69310FAF97DD68 /* Pods-DARDESH.debug.xcconfig */ = {isa = PBXFileReference; includeInIndex = 1; lastKnownFileType = text.xcconfig; name = "Pods-DARDESH.debug.xcconfig"; path = "Target Support Files/Pods-DARDESH/Pods-DARDESH.debug.xcconfig"; sourceTree = "<group>"; };
		FD4F57AAB119CA0AFCFF4A51 /* Pods-DARDESH.release.xcconfig */ = {isa = PBXFileReference; includeInIndex = 1; lastKnownFileType = text.xcconfig; name = "Pods-DARDESH.release.xcconfig"; path = "Target Support Files/Pods-DARDESH/Pods-DARDESH.release.xcconfig"; sourceTree = "<group>"; };
/* End PBXFileReference section */

/* Begin PBXFrameworksBuildPhase section */
		D376BE1D268BD37E00EBEA0A /* Frameworks */ = {
			isa = PBXFrameworksBuildPhase;
			buildActionMask = 2147483647;
			files = (
				46BE9604AE8681436730F403 /* Pods_DARDESH.framework in Frameworks */,
			);
			runOnlyForDeploymentPostprocessing = 0;
		};
/* End PBXFrameworksBuildPhase section */

/* Begin PBXGroup section */
		04BF94CFBB87846821ACE87F /* Pods */ = {
			isa = PBXGroup;
			children = (
				EBCE84209F69310FAF97DD68 /* Pods-DARDESH.debug.xcconfig */,
				FD4F57AAB119CA0AFCFF4A51 /* Pods-DARDESH.release.xcconfig */,
			);
			path = Pods;
			sourceTree = "<group>";
		};
		D31432BB269912EE006F3FE2 /* Profile Controllers */ = {
			isa = PBXGroup;
			children = (
				D34EF751268DBCDC0061FB98 /* Settings Controllers + ViewModel */,
				D3C0E6772692B33000B50CE2 /* Edit Profile Contollers + ViewModel */,
				D3C1B07226958EAB002CBD94 /* StatusViewContollers + ViewModel */,
			);
			path = "Profile Controllers";
			sourceTree = "<group>";
		};
		D34EF748268DBAAF0061FB98 /* Home Views */ = {
			isa = PBXGroup;
			children = (
				D34EF74A268DBAFB0061FB98 /* HomeView.storyboard */,
			);
			path = "Home Views";
			sourceTree = "<group>";
		};
		D34EF749268DBABC0061FB98 /* Home Controllers */ = {
			isa = PBXGroup;
			children = (
				D34EF74C268DBC450061FB98 /* Chats Controllers + ViewModel */,
				D3CFDCCF269A5EB9005E25E4 /* Users Controllers */,
				D31432BB269912EE006F3FE2 /* Profile Controllers */,
			);
			path = "Home Controllers";
			sourceTree = "<group>";
		};
		D34EF74C268DBC450061FB98 /* Chats Controllers + ViewModel */ = {
			isa = PBXGroup;
			children = (
				D34EF74F268DBC8F0061FB98 /* ChatsViewModel.swift */,
				D34EF74D268DBC6A0061FB98 /* ChatsViewController.swift */,
			);
			path = "Chats Controllers + ViewModel";
			sourceTree = "<group>";
		};
		D34EF751268DBCDC0061FB98 /* Settings Controllers + ViewModel */ = {
			isa = PBXGroup;
			children = (
				D34EF754268DBD200061FB98 /* SettingsViewModel.swift */,
				D34EF752268DBD050061FB98 /* SettingsViewController.swift */,
			);
			path = "Settings Controllers + ViewModel";
			sourceTree = "<group>";
		};
		D34EF75A268DC7A00061FB98 /* Login */ = {
			isa = PBXGroup;
			children = (
				D376BE39268BD43400EBEA0A /* login Controller */,
				D376BE3A268BD44700EBEA0A /* login Views */,
			);
			path = Login;
			sourceTree = "<group>";
		};
		D34EF75B268DC7AE0061FB98 /* Home */ = {
			isa = PBXGroup;
			children = (
				D34EF749268DBABC0061FB98 /* Home Controllers */,
				D34EF748268DBAAF0061FB98 /* Home Views */,
			);
			path = Home;
			sourceTree = "<group>";
		};
		D376BE17268BD37D00EBEA0A = {
			isa = PBXGroup;
			children = (
				D376BE22268BD37E00EBEA0A /* DARDESH */,
				D376BE21268BD37E00EBEA0A /* Products */,
				04BF94CFBB87846821ACE87F /* Pods */,
				E8F80A0A1EA8E520E4AE660E /* Frameworks */,
			);
			sourceTree = "<group>";
		};
		D376BE21268BD37E00EBEA0A /* Products */ = {
			isa = PBXGroup;
			children = (
				D376BE20268BD37E00EBEA0A /* DARDESH.app */,
			);
			name = Products;
			sourceTree = "<group>";
		};
		D376BE22268BD37E00EBEA0A /* DARDESH */ = {
			isa = PBXGroup;
			children = (
				D376BE37268BD3EC00EBEA0A /* AppDelegate */,
				D376BE65268C336500EBEA0A /* Extensions */,
				D376BE3F268BD6E600EBEA0A /* Firebase Layer */,
				D376BE3B268BD45A00EBEA0A /* LaunchScreen */,
				D376BE38268BD3FB00EBEA0A /* Views + Controllers */,
				D376BE3C268BD47000EBEA0A /* Resources */,
			);
			path = DARDESH;
			sourceTree = "<group>";
		};
		D376BE37268BD3EC00EBEA0A /* AppDelegate */ = {
			isa = PBXGroup;
			children = (
				D376BE23268BD37E00EBEA0A /* AppDelegate.swift */,
			);
			path = AppDelegate;
			sourceTree = "<group>";
		};
		D376BE38268BD3FB00EBEA0A /* Views + Controllers */ = {
			isa = PBXGroup;
			children = (
				D34EF75A268DC7A00061FB98 /* Login */,
				D34EF75B268DC7AE0061FB98 /* Home */,
			);
			path = "Views + Controllers";
			sourceTree = "<group>";
		};
		D376BE39268BD43400EBEA0A /* login Controller */ = {
			isa = PBXGroup;
			children = (
				D3A909B4269041D50070FCA5 /* User Model */,
				D376BE6B268C34EC00EBEA0A /* RegesterController + ViewModel */,
				D376BE68268C34AD00EBEA0A /* loginController + ViewModel */,
			);
			path = "login Controller";
			sourceTree = "<group>";
		};
		D376BE3A268BD44700EBEA0A /* login Views */ = {
			isa = PBXGroup;
			children = (
				D376BE29268BD37E00EBEA0A /* LoginMain.storyboard */,
			);
			path = "login Views";
			sourceTree = "<group>";
		};
		D376BE3B268BD45A00EBEA0A /* LaunchScreen */ = {
			isa = PBXGroup;
			children = (
				D376BE2E268BD37E00EBEA0A /* LaunchScreen.storyboard */,
			);
			path = LaunchScreen;
			sourceTree = "<group>";
		};
		D376BE3C268BD47000EBEA0A /* Resources */ = {
			isa = PBXGroup;
			children = (
				D3A909B7269056330070FCA5 /* localizable */,
				D376BE44268C236500EBEA0A /* Fonts */,
				D376BE3D268BD57800EBEA0A /* GoogleService-Info.plist */,
				D376BE2C268BD37E00EBEA0A /* Assets.xcassets */,
				D376BE31268BD37E00EBEA0A /* Info.plist */,
			);
			path = Resources;
			sourceTree = "<group>";
		};
		D376BE3F268BD6E600EBEA0A /* Firebase Layer */ = {
			isa = PBXGroup;
			children = (
				D376BE40268BD70000EBEA0A /* FirebaseLayer.swift */,
				D376BE42268BD84400EBEA0A /* BaseURL.swift */,
				D31432B92698FCC5006F3FE2 /* UserDefaultsMethods.swift */,
			);
			path = "Firebase Layer";
			sourceTree = "<group>";
		};
		D376BE44268C236500EBEA0A /* Fonts */ = {
			isa = PBXGroup;
			children = (
				D376BE5D268C262600EBEA0A /* Signika */,
				D376BE4E268C24AD00EBEA0A /* Nunito */,
				D376BE47268C23EC00EBEA0A /* Noto_Sans_JP */,
			);
			path = Fonts;
			sourceTree = "<group>";
		};
		D376BE47268C23EC00EBEA0A /* Noto_Sans_JP */ = {
			isa = PBXGroup;
			children = (
				D376BE4A268C23FB00EBEA0A /* NotoSansJP-Black.otf */,
				D376BE4C268C23FB00EBEA0A /* NotoSansJP-Bold.otf */,
				D376BE4D268C23FB00EBEA0A /* NotoSansJP-Light.otf */,
				D376BE48268C23FA00EBEA0A /* NotoSansJP-Medium.otf */,
				D376BE49268C23FB00EBEA0A /* NotoSansJP-Regular.otf */,
				D376BE4B268C23FB00EBEA0A /* NotoSansJP-Thin.otf */,
			);
			path = Noto_Sans_JP;
			sourceTree = "<group>";
		};
		D376BE4E268C24AD00EBEA0A /* Nunito */ = {
			isa = PBXGroup;
			children = (
				D376BE51268C24C000EBEA0A /* Nunito-Black.ttf */,
				D376BE52268C24C000EBEA0A /* Nunito-BlackItalic.ttf */,
				D376BE57268C24C000EBEA0A /* Nunito-Bold.ttf */,
				D376BE59268C24C000EBEA0A /* Nunito-BoldItalic.ttf */,
				D376BE5A268C24C000EBEA0A /* Nunito-ExtraBold.ttf */,
				D376BE5B268C24C000EBEA0A /* Nunito-ExtraBoldItalic.ttf */,
				D376BE54268C24C000EBEA0A /* Nunito-ExtraLight.ttf */,
				D376BE53268C24C000EBEA0A /* Nunito-ExtraLightItalic.ttf */,
				D376BE55268C24C000EBEA0A /* Nunito-Italic.ttf */,
				D376BE58268C24C000EBEA0A /* Nunito-Light.ttf */,
				D376BE5C268C24C000EBEA0A /* Nunito-LightItalic.ttf */,
				D376BE56268C24C000EBEA0A /* Nunito-Regular.ttf */,
				D376BE50268C24C000EBEA0A /* Nunito-SemiBold.ttf */,
				D376BE4F268C24C000EBEA0A /* Nunito-SemiBoldItalic.ttf */,
			);
			path = Nunito;
			sourceTree = "<group>";
		};
		D376BE5D268C262600EBEA0A /* Signika */ = {
			isa = PBXGroup;
			children = (
				D376BE5E268C262F00EBEA0A /* Signika-Bold.ttf */,
				D376BE61268C262F00EBEA0A /* Signika-Light.ttf */,
				D376BE60268C262F00EBEA0A /* Signika-Medium.ttf */,
				D376BE5F268C262F00EBEA0A /* Signika-Regular.ttf */,
				D376BE62268C262F00EBEA0A /* Signika-SemiBold.ttf */,
			);
			path = Signika;
			sourceTree = "<group>";
		};
		D376BE65268C336500EBEA0A /* Extensions */ = {
			isa = PBXGroup;
			children = (
				D376BE66268C337A00EBEA0A /* UIViewController.swift */,
				D3A909BE269057C50070FCA5 /* String.swift */,
				D3A33B512691A4F000FAFD3D /* UIImageView.swift */,
			);
			path = Extensions;
			sourceTree = "<group>";
		};
		D376BE68268C34AD00EBEA0A /* loginController + ViewModel */ = {
			isa = PBXGroup;
			children = (
				D376BE69268C34E300EBEA0A /* LoginViewModel.swift */,
				D376BE63268C2B6600EBEA0A /* LoginViewController.swift */,
				D34EF756268DC0540061FB98 /* ExtensionloginViewController.swift */,
			);
			path = "loginController + ViewModel";
			sourceTree = "<group>";
		};
		D376BE6B268C34EC00EBEA0A /* RegesterController + ViewModel */ = {
			isa = PBXGroup;
			children = (
				D376BE6C268C350D00EBEA0A /* RegesterViewModel.swift */,
				D376BE27268BD37E00EBEA0A /* RegsterViewController.swift */,
				D34EF758268DC32F0061FB98 /* ExtensionRegesterViewController.swift */,
			);
			path = "RegesterController + ViewModel";
			sourceTree = "<group>";
		};
		D3A909B4269041D50070FCA5 /* User Model */ = {
			isa = PBXGroup;
			children = (
				D3242994268D13ED00EF0B6E /* UserModel.swift */,
			);
			path = "User Model";
			sourceTree = "<group>";
		};
		D3A909B7269056330070FCA5 /* localizable */ = {
			isa = PBXGroup;
			children = (
				D3A909BC269056D10070FCA5 /* Localizable.strings */,
			);
			path = localizable;
			sourceTree = "<group>";
		};
		D3C0E6772692B33000B50CE2 /* Edit Profile Contollers + ViewModel */ = {
			isa = PBXGroup;
			children = (
				D3C0E6782692B35A00B50CE2 /* EditProfileViewModel.swift */,
				D3C0E67A2692B3C900B50CE2 /* EditProfileViewController.swift */,
				D37A0BF22692D000003EC335 /* ExtensionEditProfileViewController.swift */,
			);
			path = "Edit Profile Contollers + ViewModel";
			sourceTree = "<group>";
		};
		D3C1B07226958EAB002CBD94 /* StatusViewContollers + ViewModel */ = {
			isa = PBXGroup;
			children = (
				D3C1B07C2695975B002CBD94 /* StatusModel.swift */,
				D3C1B07526958F65002CBD94 /* StatusViewModel.swift */,
				D3C1B07326958F51002CBD94 /* StatusTableViewController.swift */,
				D3C1B077269595AC002CBD94 /* Status Cell */,
			);
			path = "StatusViewContollers + ViewModel";
			sourceTree = "<group>";
		};
		D3C1B077269595AC002CBD94 /* Status Cell */ = {
			isa = PBXGroup;
			children = (
				D3C1B078269595E7002CBD94 /* StatusCell.swift */,
				D3C1B079269595E7002CBD94 /* StatusCell.xib */,
			);
			path = "Status Cell";
			sourceTree = "<group>";
		};
		D3CFDCC0269A4A8C005E25E4 /* Users Controllers + ViewModel */ = {
			isa = PBXGroup;
			children = (
				D3CFDCC1269A4AB4005E25E4 /* UsersViewModel.swift */,
				D3CFDCC3269A4B36005E25E4 /* UsersViewController.swift */,
				D3CFDCC5269A4B4A005E25E4 /* Users Cell */,
			);
			path = "Users Controllers + ViewModel";
			sourceTree = "<group>";
		};
		D3CFDCC5269A4B4A005E25E4 /* Users Cell */ = {
			isa = PBXGroup;
			children = (
				D3CFDCC6269A4B7D005E25E4 /* UsersCell.swift */,
				D3CFDCC7269A4B7D005E25E4 /* UsersCell.xib */,
			);
			path = "Users Cell";
			sourceTree = "<group>";
		};
		D3CFDCCA269A5E4C005E25E4 /* UserProfileViewController + ViewModel */ = {
			isa = PBXGroup;
			children = (
				D3CFDCCD269A5EA5005E25E4 /* ProfileUserViewModel.swift */,
				D3CFDCCB269A5E91005E25E4 /* ProfileUserTableViewController.swift */,
				D3CFDCD0269A5EEB005E25E4 /* ExtensionProfileUserTableView.swift */,
			);
			path = "UserProfileViewController + ViewModel";
			sourceTree = "<group>";
		};
		D3CFDCCF269A5EB9005E25E4 /* Users Controllers */ = {
			isa = PBXGroup;
			children = (
				D3CFDCC0269A4A8C005E25E4 /* Users Controllers + ViewModel */,
				D3CFDCCA269A5E4C005E25E4 /* UserProfileViewController + ViewModel */,
			);
			path = "Users Controllers";
			sourceTree = "<group>";
		};
		E8F80A0A1EA8E520E4AE660E /* Frameworks */ = {
			isa = PBXGroup;
			children = (
				7C8EC82B344B9B064EF34301 /* Pods_DARDESH.framework */,
			);
			name = Frameworks;
			sourceTree = "<group>";
		};
/* End PBXGroup section */

/* Begin PBXNativeTarget section */
		D376BE1F268BD37E00EBEA0A /* DARDESH */ = {
			isa = PBXNativeTarget;
			buildConfigurationList = D376BE34268BD37E00EBEA0A /* Build configuration list for PBXNativeTarget "DARDESH" */;
			buildPhases = (
				3A6E551AEBD4B91AF444C30C /* [CP] Check Pods Manifest.lock */,
				D376BE1C268BD37E00EBEA0A /* Sources */,
				D376BE1D268BD37E00EBEA0A /* Frameworks */,
				D376BE1E268BD37E00EBEA0A /* Resources */,
				C31570958916B02941325539 /* [CP] Embed Pods Frameworks */,
			);
			buildRules = (
			);
			dependencies = (
			);
			name = DARDESH;
			productName = DARDESH;
			productReference = D376BE20268BD37E00EBEA0A /* DARDESH.app */;
			productType = "com.apple.product-type.application";
		};
/* End PBXNativeTarget section */

/* Begin PBXProject section */
		D376BE18268BD37D00EBEA0A /* Project object */ = {
			isa = PBXProject;
			attributes = {
				LastSwiftUpdateCheck = 1250;
				LastUpgradeCheck = 1250;
				TargetAttributes = {
					D376BE1F268BD37E00EBEA0A = {
						CreatedOnToolsVersion = 12.5;
					};
				};
			};
			buildConfigurationList = D376BE1B268BD37D00EBEA0A /* Build configuration list for PBXProject "DARDESH" */;
			compatibilityVersion = "Xcode 9.3";
			developmentRegion = en;
			hasScannedForEncodings = 0;
			knownRegions = (
				en,
				Base,
				ar,
			);
			mainGroup = D376BE17268BD37D00EBEA0A;
			productRefGroup = D376BE21268BD37E00EBEA0A /* Products */;
			projectDirPath = "";
			projectRoot = "";
			targets = (
				D376BE1F268BD37E00EBEA0A /* DARDESH */,
			);
		};
/* End PBXProject section */

/* Begin PBXResourcesBuildPhase section */
		D376BE1E268BD37E00EBEA0A /* Resources */ = {
			isa = PBXResourcesBuildPhase;
			buildActionMask = 2147483647;
			files = (
				D3CFDCC9269A4B7D005E25E4 /* UsersCell.xib in Resources */,
				D34EF74B268DBAFB0061FB98 /* HomeView.storyboard in Resources */,
				D3A909BA269056D10070FCA5 /* Localizable.strings in Resources */,
				D376BE30268BD37E00EBEA0A /* LaunchScreen.storyboard in Resources */,
				D376BE3E268BD57800EBEA0A /* GoogleService-Info.plist in Resources */,
				D376BE2D268BD37E00EBEA0A /* Assets.xcassets in Resources */,
				D376BE2B268BD37E00EBEA0A /* LoginMain.storyboard in Resources */,
				D3C1B07B269595E7002CBD94 /* StatusCell.xib in Resources */,
			);
			runOnlyForDeploymentPostprocessing = 0;
		};
/* End PBXResourcesBuildPhase section */

/* Begin PBXShellScriptBuildPhase section */
		3A6E551AEBD4B91AF444C30C /* [CP] Check Pods Manifest.lock */ = {
			isa = PBXShellScriptBuildPhase;
			buildActionMask = 2147483647;
			files = (
			);
			inputFileListPaths = (
			);
			inputPaths = (
				"${PODS_PODFILE_DIR_PATH}/Podfile.lock",
				"${PODS_ROOT}/Manifest.lock",
			);
			name = "[CP] Check Pods Manifest.lock";
			outputFileListPaths = (
			);
			outputPaths = (
				"$(DERIVED_FILE_DIR)/Pods-DARDESH-checkManifestLockResult.txt",
			);
			runOnlyForDeploymentPostprocessing = 0;
			shellPath = /bin/sh;
			shellScript = "diff \"${PODS_PODFILE_DIR_PATH}/Podfile.lock\" \"${PODS_ROOT}/Manifest.lock\" > /dev/null\nif [ $? != 0 ] ; then\n    # print error to STDERR\n    echo \"error: The sandbox is not in sync with the Podfile.lock. Run 'pod install' or update your CocoaPods installation.\" >&2\n    exit 1\nfi\n# This output is used by Xcode 'outputs' to avoid re-running this script phase.\necho \"SUCCESS\" > \"${SCRIPT_OUTPUT_FILE_0}\"\n";
			showEnvVarsInLog = 0;
		};
		C31570958916B02941325539 /* [CP] Embed Pods Frameworks */ = {
			isa = PBXShellScriptBuildPhase;
			buildActionMask = 2147483647;
			files = (
			);
			inputFileListPaths = (
				"${PODS_ROOT}/Target Support Files/Pods-DARDESH/Pods-DARDESH-frameworks-${CONFIGURATION}-input-files.xcfilelist",
			);
			name = "[CP] Embed Pods Frameworks";
			outputFileListPaths = (
				"${PODS_ROOT}/Target Support Files/Pods-DARDESH/Pods-DARDESH-frameworks-${CONFIGURATION}-output-files.xcfilelist",
			);
			runOnlyForDeploymentPostprocessing = 0;
			shellPath = /bin/sh;
			shellScript = "\"${PODS_ROOT}/Target Support Files/Pods-DARDESH/Pods-DARDESH-frameworks.sh\"\n";
			showEnvVarsInLog = 0;
		};
/* End PBXShellScriptBuildPhase section */

/* Begin PBXSourcesBuildPhase section */
		D376BE1C268BD37E00EBEA0A /* Sources */ = {
			isa = PBXSourcesBuildPhase;
			buildActionMask = 2147483647;
			files = (
				D376BE41268BD70000EBEA0A /* FirebaseLayer.swift in Sources */,
				D3CFDCC2269A4AB4005E25E4 /* UsersViewModel.swift in Sources */,
				D376BE28268BD37E00EBEA0A /* RegsterViewController.swift in Sources */,
				D34EF74E268DBC6A0061FB98 /* ChatsViewController.swift in Sources */,
				D376BE43268BD84400EBEA0A /* BaseURL.swift in Sources */,
				D376BE64268C2B6600EBEA0A /* LoginViewController.swift in Sources */,
				D376BE67268C337A00EBEA0A /* UIViewController.swift in Sources */,
				D31432BA2698FCC5006F3FE2 /* UserDefaultsMethods.swift in Sources */,
				D3C0E6792692B35A00B50CE2 /* EditProfileViewModel.swift in Sources */,
				D3C0E67B2692B3C900B50CE2 /* EditProfileViewController.swift in Sources */,
				D376BE24268BD37E00EBEA0A /* AppDelegate.swift in Sources */,
				D3C1B07D2695975B002CBD94 /* StatusModel.swift in Sources */,
				D3CFDCC8269A4B7D005E25E4 /* UsersCell.swift in Sources */,
				D3C1B07426958F51002CBD94 /* StatusTableViewController.swift in Sources */,
				D376BE6A268C34E300EBEA0A /* LoginViewModel.swift in Sources */,
				D37A0BF32692D000003EC335 /* ExtensionEditProfileViewController.swift in Sources */,
				D34EF755268DBD200061FB98 /* SettingsViewModel.swift in Sources */,
				D3CFDCC4269A4B36005E25E4 /* UsersViewController.swift in Sources */,
				D34EF750268DBC8F0061FB98 /* ChatsViewModel.swift in Sources */,
				D34EF759268DC32F0061FB98 /* ExtensionRegesterViewController.swift in Sources */,
				D3CFDCD1269A5EEB005E25E4 /* ExtensionProfileUserTableView.swift in Sources */,
				D3242995268D13ED00EF0B6E /* UserModel.swift in Sources */,
				D376BE6D268C350D00EBEA0A /* RegesterViewModel.swift in Sources */,
				D3C1B07A269595E7002CBD94 /* StatusCell.swift in Sources */,
				D34EF757268DC0540061FB98 /* ExtensionloginViewController.swift in Sources */,
				D3C1B07626958F65002CBD94 /* StatusViewModel.swift in Sources */,
				D3A909BF269057C50070FCA5 /* String.swift in Sources */,
				D3A33B522691A4F000FAFD3D /* UIImageView.swift in Sources */,
				D3CFDCCE269A5EA5005E25E4 /* ProfileUserViewModel.swift in Sources */,
				D3CFDCCC269A5E91005E25E4 /* ProfileUserTableViewController.swift in Sources */,
				D34EF753268DBD050061FB98 /* SettingsViewController.swift in Sources */,
			);
			runOnlyForDeploymentPostprocessing = 0;
		};
/* End PBXSourcesBuildPhase section */

/* Begin PBXVariantGroup section */
		D376BE29268BD37E00EBEA0A /* LoginMain.storyboard */ = {
			isa = PBXVariantGroup;
			children = (
				D376BE2A268BD37E00EBEA0A /* Base */,
				D3A909B626904EDF0070FCA5 /* ar */,
			);
			name = LoginMain.storyboard;
			sourceTree = "<group>";
		};
		D376BE2E268BD37E00EBEA0A /* LaunchScreen.storyboard */ = {
			isa = PBXVariantGroup;
			children = (
				D376BE2F268BD37E00EBEA0A /* Base */,
				D3A909B526904EDE0070FCA5 /* ar */,
			);
			name = LaunchScreen.storyboard;
			sourceTree = "<group>";
		};
		D3A909BC269056D10070FCA5 /* Localizable.strings */ = {
			isa = PBXVariantGroup;
			children = (
				D3A909BB269056D10070FCA5 /* en */,
				D3A909BD269056D70070FCA5 /* ar */,
			);
			name = Localizable.strings;
			sourceTree = "<group>";
		};
/* End PBXVariantGroup section */

/* Begin XCBuildConfiguration section */
		D376BE32268BD37E00EBEA0A /* Debug */ = {
			isa = XCBuildConfiguration;
			buildSettings = {
				ALWAYS_SEARCH_USER_PATHS = NO;
				CLANG_ANALYZER_LOCALIZABILITY_NONLOCALIZED = YES;
				CLANG_ANALYZER_NONNULL = YES;
				CLANG_ANALYZER_NUMBER_OBJECT_CONVERSION = YES_AGGRESSIVE;
				CLANG_CXX_LANGUAGE_STANDARD = "gnu++14";
				CLANG_CXX_LIBRARY = "libc++";
				CLANG_ENABLE_MODULES = YES;
				CLANG_ENABLE_OBJC_ARC = YES;
				CLANG_ENABLE_OBJC_WEAK = YES;
				CLANG_WARN_BLOCK_CAPTURE_AUTORELEASING = YES;
				CLANG_WARN_BOOL_CONVERSION = YES;
				CLANG_WARN_COMMA = YES;
				CLANG_WARN_CONSTANT_CONVERSION = YES;
				CLANG_WARN_DEPRECATED_OBJC_IMPLEMENTATIONS = YES;
				CLANG_WARN_DIRECT_OBJC_ISA_USAGE = YES_ERROR;
				CLANG_WARN_DOCUMENTATION_COMMENTS = YES;
				CLANG_WARN_EMPTY_BODY = YES;
				CLANG_WARN_ENUM_CONVERSION = YES;
				CLANG_WARN_INFINITE_RECURSION = YES;
				CLANG_WARN_INT_CONVERSION = YES;
				CLANG_WARN_NON_LITERAL_NULL_CONVERSION = YES;
				CLANG_WARN_OBJC_IMPLICIT_RETAIN_SELF = YES;
				CLANG_WARN_OBJC_LITERAL_CONVERSION = YES;
				CLANG_WARN_OBJC_ROOT_CLASS = YES_ERROR;
				CLANG_WARN_QUOTED_INCLUDE_IN_FRAMEWORK_HEADER = YES;
				CLANG_WARN_RANGE_LOOP_ANALYSIS = YES;
				CLANG_WARN_STRICT_PROTOTYPES = YES;
				CLANG_WARN_SUSPICIOUS_MOVE = YES;
				CLANG_WARN_UNGUARDED_AVAILABILITY = YES_AGGRESSIVE;
				CLANG_WARN_UNREACHABLE_CODE = YES;
				CLANG_WARN__DUPLICATE_METHOD_MATCH = YES;
				COPY_PHASE_STRIP = NO;
				DEBUG_INFORMATION_FORMAT = dwarf;
				ENABLE_STRICT_OBJC_MSGSEND = YES;
				ENABLE_TESTABILITY = YES;
				GCC_C_LANGUAGE_STANDARD = gnu11;
				GCC_DYNAMIC_NO_PIC = NO;
				GCC_NO_COMMON_BLOCKS = YES;
				GCC_OPTIMIZATION_LEVEL = 0;
				GCC_PREPROCESSOR_DEFINITIONS = (
					"DEBUG=1",
					"$(inherited)",
				);
				GCC_WARN_64_TO_32_BIT_CONVERSION = YES;
				GCC_WARN_ABOUT_RETURN_TYPE = YES_ERROR;
				GCC_WARN_UNDECLARED_SELECTOR = YES;
				GCC_WARN_UNINITIALIZED_AUTOS = YES_AGGRESSIVE;
				GCC_WARN_UNUSED_FUNCTION = YES;
				GCC_WARN_UNUSED_VARIABLE = YES;
				IPHONEOS_DEPLOYMENT_TARGET = 14.5;
				MTL_ENABLE_DEBUG_INFO = INCLUDE_SOURCE;
				MTL_FAST_MATH = YES;
				ONLY_ACTIVE_ARCH = YES;
				SDKROOT = iphoneos;
				SWIFT_ACTIVE_COMPILATION_CONDITIONS = DEBUG;
				SWIFT_OPTIMIZATION_LEVEL = "-Onone";
			};
			name = Debug;
		};
		D376BE33268BD37E00EBEA0A /* Release */ = {
			isa = XCBuildConfiguration;
			buildSettings = {
				ALWAYS_SEARCH_USER_PATHS = NO;
				CLANG_ANALYZER_LOCALIZABILITY_NONLOCALIZED = YES;
				CLANG_ANALYZER_NONNULL = YES;
				CLANG_ANALYZER_NUMBER_OBJECT_CONVERSION = YES_AGGRESSIVE;
				CLANG_CXX_LANGUAGE_STANDARD = "gnu++14";
				CLANG_CXX_LIBRARY = "libc++";
				CLANG_ENABLE_MODULES = YES;
				CLANG_ENABLE_OBJC_ARC = YES;
				CLANG_ENABLE_OBJC_WEAK = YES;
				CLANG_WARN_BLOCK_CAPTURE_AUTORELEASING = YES;
				CLANG_WARN_BOOL_CONVERSION = YES;
				CLANG_WARN_COMMA = YES;
				CLANG_WARN_CONSTANT_CONVERSION = YES;
				CLANG_WARN_DEPRECATED_OBJC_IMPLEMENTATIONS = YES;
				CLANG_WARN_DIRECT_OBJC_ISA_USAGE = YES_ERROR;
				CLANG_WARN_DOCUMENTATION_COMMENTS = YES;
				CLANG_WARN_EMPTY_BODY = YES;
				CLANG_WARN_ENUM_CONVERSION = YES;
				CLANG_WARN_INFINITE_RECURSION = YES;
				CLANG_WARN_INT_CONVERSION = YES;
				CLANG_WARN_NON_LITERAL_NULL_CONVERSION = YES;
				CLANG_WARN_OBJC_IMPLICIT_RETAIN_SELF = YES;
				CLANG_WARN_OBJC_LITERAL_CONVERSION = YES;
				CLANG_WARN_OBJC_ROOT_CLASS = YES_ERROR;
				CLANG_WARN_QUOTED_INCLUDE_IN_FRAMEWORK_HEADER = YES;
				CLANG_WARN_RANGE_LOOP_ANALYSIS = YES;
				CLANG_WARN_STRICT_PROTOTYPES = YES;
				CLANG_WARN_SUSPICIOUS_MOVE = YES;
				CLANG_WARN_UNGUARDED_AVAILABILITY = YES_AGGRESSIVE;
				CLANG_WARN_UNREACHABLE_CODE = YES;
				CLANG_WARN__DUPLICATE_METHOD_MATCH = YES;
				COPY_PHASE_STRIP = NO;
				DEBUG_INFORMATION_FORMAT = "dwarf-with-dsym";
				ENABLE_NS_ASSERTIONS = NO;
				ENABLE_STRICT_OBJC_MSGSEND = YES;
				GCC_C_LANGUAGE_STANDARD = gnu11;
				GCC_NO_COMMON_BLOCKS = YES;
				GCC_WARN_64_TO_32_BIT_CONVERSION = YES;
				GCC_WARN_ABOUT_RETURN_TYPE = YES_ERROR;
				GCC_WARN_UNDECLARED_SELECTOR = YES;
				GCC_WARN_UNINITIALIZED_AUTOS = YES_AGGRESSIVE;
				GCC_WARN_UNUSED_FUNCTION = YES;
				GCC_WARN_UNUSED_VARIABLE = YES;
				IPHONEOS_DEPLOYMENT_TARGET = 14.5;
				MTL_ENABLE_DEBUG_INFO = NO;
				MTL_FAST_MATH = YES;
				SDKROOT = iphoneos;
				SWIFT_COMPILATION_MODE = wholemodule;
				SWIFT_OPTIMIZATION_LEVEL = "-O";
				VALIDATE_PRODUCT = YES;
			};
			name = Release;
		};
		D376BE35268BD37E00EBEA0A /* Debug */ = {
			isa = XCBuildConfiguration;
			baseConfigurationReference = EBCE84209F69310FAF97DD68 /* Pods-DARDESH.debug.xcconfig */;
			buildSettings = {
				ASSETCATALOG_COMPILER_APPICON_NAME = AppIcon;
				ASSETCATALOG_COMPILER_GLOBAL_ACCENT_COLOR_NAME = AccentColor;
				CODE_SIGN_STYLE = Automatic;
				DEVELOPMENT_TEAM = X4YZSY77G5;
				INFOPLIST_FILE = "$(SRCROOT)/DARDESH/Resources/Info.plist";
				IPHONEOS_DEPLOYMENT_TARGET = 12.1;
				LD_RUNPATH_SEARCH_PATHS = (
					"$(inherited)",
					"@executable_path/Frameworks",
				);
				MARKETING_VERSION = 1.0;
				PRODUCT_BUNDLE_IDENTIFIER = com.myorganization199.DARDESH;
				PRODUCT_NAME = "$(TARGET_NAME)";
				SWIFT_OPTIMIZATION_LEVEL = "-O";
				SWIFT_VERSION = 5.0;
				TARGETED_DEVICE_FAMILY = 1;
			};
			name = Debug;
		};
		D376BE36268BD37E00EBEA0A /* Release */ = {
			isa = XCBuildConfiguration;
			baseConfigurationReference = FD4F57AAB119CA0AFCFF4A51 /* Pods-DARDESH.release.xcconfig */;
			buildSettings = {
				ASSETCATALOG_COMPILER_APPICON_NAME = AppIcon;
				ASSETCATALOG_COMPILER_GLOBAL_ACCENT_COLOR_NAME = AccentColor;
				CODE_SIGN_STYLE = Automatic;
				DEVELOPMENT_TEAM = X4YZSY77G5;
				INFOPLIST_FILE = "$(SRCROOT)/DARDESH/Resources/Info.plist";
				IPHONEOS_DEPLOYMENT_TARGET = 12.1;
				LD_RUNPATH_SEARCH_PATHS = (
					"$(inherited)",
					"@executable_path/Frameworks",
				);
				MARKETING_VERSION = 1.0;
				PRODUCT_BUNDLE_IDENTIFIER = com.myorganization199.DARDESH;
				PRODUCT_NAME = "$(TARGET_NAME)";
				SWIFT_VERSION = 5.0;
				TARGETED_DEVICE_FAMILY = 1;
			};
			name = Release;
		};
/* End XCBuildConfiguration section */

/* Begin XCConfigurationList section */
		D376BE1B268BD37D00EBEA0A /* Build configuration list for PBXProject "DARDESH" */ = {
			isa = XCConfigurationList;
			buildConfigurations = (
				D376BE32268BD37E00EBEA0A /* Debug */,
				D376BE33268BD37E00EBEA0A /* Release */,
			);
			defaultConfigurationIsVisible = 0;
			defaultConfigurationName = Release;
		};
		D376BE34268BD37E00EBEA0A /* Build configuration list for PBXNativeTarget "DARDESH" */ = {
			isa = XCConfigurationList;
			buildConfigurations = (
				D376BE35268BD37E00EBEA0A /* Debug */,
				D376BE36268BD37E00EBEA0A /* Release */,
			);
			defaultConfigurationIsVisible = 0;
			defaultConfigurationName = Release;
		};
/* End XCConfigurationList section */
	};
	rootObject = D376BE18268BD37D00EBEA0A /* Project object */;
}
